// !$*UTF8*$!
{
	archiveVersion = 1;
	classes = {
	};
	objectVersion = 56;
	objects = {

/* Begin PBXBuildFile section */
		E646733C28F1D8D400C071CA /* AppDelegate.swift in Sources */ = {isa = PBXBuildFile; fileRef = E646733B28F1D8D400C071CA /* AppDelegate.swift */; };
		E646733E28F1D8D400C071CA /* MainViewController.swift in Sources */ = {isa = PBXBuildFile; fileRef = E646733D28F1D8D400C071CA /* MainViewController.swift */; };
		E646734028F1D8D500C071CA /* Assets.xcassets in Resources */ = {isa = PBXBuildFile; fileRef = E646733F28F1D8D500C071CA /* Assets.xcassets */; };
		E646734328F1D8D500C071CA /* Main.storyboard in Resources */ = {isa = PBXBuildFile; fileRef = E646734128F1D8D500C071CA /* Main.storyboard */; };
		E646734D28F1D97100C071CA /* ContentView.swift in Sources */ = {isa = PBXBuildFile; fileRef = E646734C28F1D97100C071CA /* ContentView.swift */; };
		E646735028F1DAB500C071CA /* StatusBarController.swift in Sources */ = {isa = PBXBuildFile; fileRef = E646734F28F1DAB500C071CA /* StatusBarController.swift */; };
		E646735328F1DAD900C071CA /* EventMonitor.swift in Sources */ = {isa = PBXBuildFile; fileRef = E646735228F1DAD900C071CA /* EventMonitor.swift */; };
		E66D666728F313C1007D8655 /* SharePicker.swift in Sources */ = {isa = PBXBuildFile; fileRef = E66D666628F313C1007D8655 /* SharePicker.swift */; };
		E66D666A28F32518007D8655 /* SimpleToast in Frameworks */ = {isa = PBXBuildFile; productRef = E66D666928F32518007D8655 /* SimpleToast */; };
		E6B5546828F1F1CA00AB5642 /* RepoView.swift in Sources */ = {isa = PBXBuildFile; fileRef = E6B5546728F1F1CA00AB5642 /* RepoView.swift */; };
		E6B5546C28F1F32000AB5642 /* EmotesView.swift in Sources */ = {isa = PBXBuildFile; fileRef = E6B5546B28F1F32000AB5642 /* EmotesView.swift */; };
		E6B5547028F1F53E00AB5642 /* List.swift in Sources */ = {isa = PBXBuildFile; fileRef = E6B5546F28F1F53E00AB5642 /* List.swift */; };
		E6B5547328F1F57B00AB5642 /* Introspect in Frameworks */ = {isa = PBXBuildFile; productRef = E6B5547228F1F57B00AB5642 /* Introspect */; };
		E6B5547928F1F98000AB5642 /* Emote.swift in Sources */ = {isa = PBXBuildFile; fileRef = E6B5547828F1F98000AB5642 /* Emote.swift */; };
		E6B5547E28F1FB9500AB5642 /* ContentViewModel.swift in Sources */ = {isa = PBXBuildFile; fileRef = E6B5547D28F1FB9500AB5642 /* ContentViewModel.swift */; };
		E6B5548128F21E8E00AB5642 /* Hovered.swift in Sources */ = {isa = PBXBuildFile; fileRef = E6B5548028F21E8E00AB5642 /* Hovered.swift */; };
		E6B5549928F3063400AB5642 /* SDWebImageSwiftUI in Frameworks */ = {isa = PBXBuildFile; productRef = E6B5549828F3063400AB5642 /* SDWebImageSwiftUI */; };
/* End PBXBuildFile section */

/* Begin PBXFileReference section */
		E646733828F1D8D400C071CA /* Nitroless.app */ = {isa = PBXFileReference; explicitFileType = wrapper.application; includeInIndex = 0; path = Nitroless.app; sourceTree = BUILT_PRODUCTS_DIR; };
		E646733B28F1D8D400C071CA /* AppDelegate.swift */ = {isa = PBXFileReference; lastKnownFileType = sourcecode.swift; path = AppDelegate.swift; sourceTree = "<group>"; };
		E646733D28F1D8D400C071CA /* MainViewController.swift */ = {isa = PBXFileReference; lastKnownFileType = sourcecode.swift; path = MainViewController.swift; sourceTree = "<group>"; };
		E646733F28F1D8D500C071CA /* Assets.xcassets */ = {isa = PBXFileReference; lastKnownFileType = folder.assetcatalog; path = Assets.xcassets; sourceTree = "<group>"; };
		E646734228F1D8D500C071CA /* Base */ = {isa = PBXFileReference; lastKnownFileType = file.storyboard; name = Base; path = Base.lproj/Main.storyboard; sourceTree = "<group>"; };
		E646734428F1D8D500C071CA /* Nitroless.entitlements */ = {isa = PBXFileReference; lastKnownFileType = text.plist.entitlements; path = Nitroless.entitlements; sourceTree = "<group>"; };
		E646734C28F1D97100C071CA /* ContentView.swift */ = {isa = PBXFileReference; lastKnownFileType = sourcecode.swift; path = ContentView.swift; sourceTree = "<group>"; };
		E646734F28F1DAB500C071CA /* StatusBarController.swift */ = {isa = PBXFileReference; lastKnownFileType = sourcecode.swift; path = StatusBarController.swift; sourceTree = "<group>"; };
		E646735228F1DAD900C071CA /* EventMonitor.swift */ = {isa = PBXFileReference; lastKnownFileType = sourcecode.swift; path = EventMonitor.swift; sourceTree = "<group>"; };
		E66D666628F313C1007D8655 /* SharePicker.swift */ = {isa = PBXFileReference; lastKnownFileType = sourcecode.swift; path = SharePicker.swift; sourceTree = "<group>"; };
		E6B5546728F1F1CA00AB5642 /* RepoView.swift */ = {isa = PBXFileReference; lastKnownFileType = sourcecode.swift; path = RepoView.swift; sourceTree = "<group>"; };
		E6B5546B28F1F32000AB5642 /* EmotesView.swift */ = {isa = PBXFileReference; lastKnownFileType = sourcecode.swift; path = EmotesView.swift; sourceTree = "<group>"; };
		E6B5546F28F1F53E00AB5642 /* List.swift */ = {isa = PBXFileReference; lastKnownFileType = sourcecode.swift; path = List.swift; sourceTree = "<group>"; };
		E6B5547828F1F98000AB5642 /* Emote.swift */ = {isa = PBXFileReference; lastKnownFileType = sourcecode.swift; path = Emote.swift; sourceTree = "<group>"; };
		E6B5547D28F1FB9500AB5642 /* ContentViewModel.swift */ = {isa = PBXFileReference; lastKnownFileType = sourcecode.swift; path = ContentViewModel.swift; sourceTree = "<group>"; };
		E6B5548028F21E8E00AB5642 /* Hovered.swift */ = {isa = PBXFileReference; lastKnownFileType = sourcecode.swift; path = Hovered.swift; sourceTree = "<group>"; };
/* End PBXFileReference section */

/* Begin PBXFrameworksBuildPhase section */
		E646733528F1D8D400C071CA /* Frameworks */ = {
			isa = PBXFrameworksBuildPhase;
			buildActionMask = 2147483647;
			files = (
				E6B5549928F3063400AB5642 /* SDWebImageSwiftUI in Frameworks */,
				E66D666A28F32518007D8655 /* SimpleToast in Frameworks */,
				E6B5547328F1F57B00AB5642 /* Introspect in Frameworks */,
			);
			runOnlyForDeploymentPostprocessing = 0;
		};
/* End PBXFrameworksBuildPhase section */

/* Begin PBXGroup section */
		E646732F28F1D8D400C071CA = {
			isa = PBXGroup;
			children = (
				E646733A28F1D8D400C071CA /* Nitroless */,
				E646733928F1D8D400C071CA /* Products */,
			);
			sourceTree = "<group>";
		};
		E646733928F1D8D400C071CA /* Products */ = {
			isa = PBXGroup;
			children = (
				E646733828F1D8D400C071CA /* Nitroless.app */,
			);
			name = Products;
			sourceTree = "<group>";
		};
		E646733A28F1D8D400C071CA /* Nitroless */ = {
			isa = PBXGroup;
			children = (
				E6B5547728F1F96000AB5642 /* Models */,
				E6B5546D28F1F52200AB5642 /* Extensions */,
				E646734E28F1DA9D00C071CA /* Utils */,
				E646734A28F1D94E00C071CA /* Core */,
				E646733B28F1D8D400C071CA /* AppDelegate.swift */,
				E646733D28F1D8D400C071CA /* MainViewController.swift */,
				E646733F28F1D8D500C071CA /* Assets.xcassets */,
				E646734128F1D8D500C071CA /* Main.storyboard */,
				E646734428F1D8D500C071CA /* Nitroless.entitlements */,
			);
			path = Nitroless;
			sourceTree = "<group>";
		};
		E646734A28F1D94E00C071CA /* Core */ = {
			isa = PBXGroup;
			children = (
				E6B5547A28F1FAC600AB5642 /* ViewModel */,
				E6B5546928F1F30900AB5642 /* Emotes */,
				E6B5546528F1F19800AB5642 /* Repo */,
				E646734C28F1D97100C071CA /* ContentView.swift */,
			);
			path = Core;
			sourceTree = "<group>";
		};
		E646734E28F1DA9D00C071CA /* Utils */ = {
			isa = PBXGroup;
			children = (
				E646734F28F1DAB500C071CA /* StatusBarController.swift */,
				E646735228F1DAD900C071CA /* EventMonitor.swift */,
				E66D666628F313C1007D8655 /* SharePicker.swift */,
			);
			path = Utils;
			sourceTree = "<group>";
		};
		E6B5546528F1F19800AB5642 /* Repo */ = {
			isa = PBXGroup;
			children = (
				E6B5547F28F21E7F00AB5642 /* Models */,
				E6B5546628F1F1A000AB5642 /* Views */,
			);
			path = Repo;
			sourceTree = "<group>";
		};
		E6B5546628F1F1A000AB5642 /* Views */ = {
			isa = PBXGroup;
			children = (
				E6B5546728F1F1CA00AB5642 /* RepoView.swift */,
			);
			name = Views;
			sourceTree = "<group>";
		};
		E6B5546928F1F30900AB5642 /* Emotes */ = {
			isa = PBXGroup;
			children = (
				E6B5546A28F1F31000AB5642 /* Views */,
			);
			path = Emotes;
			sourceTree = "<group>";
		};
		E6B5546A28F1F31000AB5642 /* Views */ = {
			isa = PBXGroup;
			children = (
				E6B5546B28F1F32000AB5642 /* EmotesView.swift */,
			);
			path = Views;
			sourceTree = "<group>";
		};
		E6B5546D28F1F52200AB5642 /* Extensions */ = {
			isa = PBXGroup;
			children = (
				E6B5546F28F1F53E00AB5642 /* List.swift */,
			);
			path = Extensions;
			sourceTree = "<group>";
		};
		E6B5547728F1F96000AB5642 /* Models */ = {
			isa = PBXGroup;
			children = (
				E6B5547828F1F98000AB5642 /* Emote.swift */,
			);
			path = Models;
			sourceTree = "<group>";
		};
		E6B5547A28F1FAC600AB5642 /* ViewModel */ = {
			isa = PBXGroup;
			children = (
				E6B5547D28F1FB9500AB5642 /* ContentViewModel.swift */,
			);
			path = ViewModel;
			sourceTree = "<group>";
		};
		E6B5547F28F21E7F00AB5642 /* Models */ = {
			isa = PBXGroup;
			children = (
				E6B5548028F21E8E00AB5642 /* Hovered.swift */,
			);
			name = Models;
			sourceTree = "<group>";
		};
/* End PBXGroup section */

/* Begin PBXNativeTarget section */
		E646733728F1D8D400C071CA /* Nitroless */ = {
			isa = PBXNativeTarget;
			buildConfigurationList = E646734728F1D8D500C071CA /* Build configuration list for PBXNativeTarget "Nitroless" */;
			buildPhases = (
				E646733428F1D8D400C071CA /* Sources */,
				E646733528F1D8D400C071CA /* Frameworks */,
				E646733628F1D8D400C071CA /* Resources */,
			);
			buildRules = (
			);
			dependencies = (
			);
			name = Nitroless;
			packageProductDependencies = (
				E6B5547228F1F57B00AB5642 /* Introspect */,
				E6B5549828F3063400AB5642 /* SDWebImageSwiftUI */,
				E66D666928F32518007D8655 /* SimpleToast */,
			);
			productName = Nitroless;
			productReference = E646733828F1D8D400C071CA /* Nitroless.app */;
			productType = "com.apple.product-type.application";
		};
/* End PBXNativeTarget section */

/* Begin PBXProject section */
		E646733028F1D8D400C071CA /* Project object */ = {
			isa = PBXProject;
			attributes = {
				BuildIndependentTargetsInParallel = 1;
				LastSwiftUpdateCheck = 1400;
				LastUpgradeCheck = 1400;
				TargetAttributes = {
					E646733728F1D8D400C071CA = {
						CreatedOnToolsVersion = 14.0;
					};
				};
			};
			buildConfigurationList = E646733328F1D8D400C071CA /* Build configuration list for PBXProject "Nitroless" */;
			compatibilityVersion = "Xcode 14.0";
			developmentRegion = en;
			hasScannedForEncodings = 0;
			knownRegions = (
				en,
				Base,
			);
			mainGroup = E646732F28F1D8D400C071CA;
			packageReferences = (
				E6B5547128F1F57B00AB5642 /* XCRemoteSwiftPackageReference "SwiftUI-Introspect" */,
				E6B5549728F3063400AB5642 /* XCRemoteSwiftPackageReference "SDWebImageSwiftUI" */,
				E66D666828F32518007D8655 /* XCRemoteSwiftPackageReference "SimpleToast" */,
			);
			productRefGroup = E646733928F1D8D400C071CA /* Products */;
			projectDirPath = "";
			projectRoot = "";
			targets = (
				E646733728F1D8D400C071CA /* Nitroless */,
			);
		};
/* End PBXProject section */

/* Begin PBXResourcesBuildPhase section */
		E646733628F1D8D400C071CA /* Resources */ = {
			isa = PBXResourcesBuildPhase;
			buildActionMask = 2147483647;
			files = (
				E646734028F1D8D500C071CA /* Assets.xcassets in Resources */,
				E646734328F1D8D500C071CA /* Main.storyboard in Resources */,
			);
			runOnlyForDeploymentPostprocessing = 0;
		};
/* End PBXResourcesBuildPhase section */

/* Begin PBXSourcesBuildPhase section */
		E646733428F1D8D400C071CA /* Sources */ = {
			isa = PBXSourcesBuildPhase;
			buildActionMask = 2147483647;
			files = (
				E646733E28F1D8D400C071CA /* MainViewController.swift in Sources */,
				E66D666728F313C1007D8655 /* SharePicker.swift in Sources */,
				E6B5547028F1F53E00AB5642 /* List.swift in Sources */,
				E646735328F1DAD900C071CA /* EventMonitor.swift in Sources */,
				E646735028F1DAB500C071CA /* StatusBarController.swift in Sources */,
				E6B5548128F21E8E00AB5642 /* Hovered.swift in Sources */,
				E6B5546C28F1F32000AB5642 /* EmotesView.swift in Sources */,
				E646733C28F1D8D400C071CA /* AppDelegate.swift in Sources */,
				E6B5547E28F1FB9500AB5642 /* ContentViewModel.swift in Sources */,
				E6B5546828F1F1CA00AB5642 /* RepoView.swift in Sources */,
				E646734D28F1D97100C071CA /* ContentView.swift in Sources */,
				E6B5547928F1F98000AB5642 /* Emote.swift in Sources */,
			);
			runOnlyForDeploymentPostprocessing = 0;
		};
/* End PBXSourcesBuildPhase section */

/* Begin PBXVariantGroup section */
		E646734128F1D8D500C071CA /* Main.storyboard */ = {
			isa = PBXVariantGroup;
			children = (
				E646734228F1D8D500C071CA /* Base */,
			);
			name = Main.storyboard;
			sourceTree = "<group>";
		};
/* End PBXVariantGroup section */

/* Begin XCBuildConfiguration section */
		E646734528F1D8D500C071CA /* Debug */ = {
			isa = XCBuildConfiguration;
			buildSettings = {
				ALWAYS_SEARCH_USER_PATHS = NO;
				CLANG_ANALYZER_NONNULL = YES;
				CLANG_ANALYZER_NUMBER_OBJECT_CONVERSION = YES_AGGRESSIVE;
				CLANG_CXX_LANGUAGE_STANDARD = "gnu++20";
				CLANG_ENABLE_MODULES = YES;
				CLANG_ENABLE_OBJC_ARC = YES;
				CLANG_ENABLE_OBJC_WEAK = YES;
				CLANG_WARN_BLOCK_CAPTURE_AUTORELEASING = YES;
				CLANG_WARN_BOOL_CONVERSION = YES;
				CLANG_WARN_COMMA = YES;
				CLANG_WARN_CONSTANT_CONVERSION = YES;
				CLANG_WARN_DEPRECATED_OBJC_IMPLEMENTATIONS = YES;
				CLANG_WARN_DIRECT_OBJC_ISA_USAGE = YES_ERROR;
				CLANG_WARN_DOCUMENTATION_COMMENTS = YES;
				CLANG_WARN_EMPTY_BODY = YES;
				CLANG_WARN_ENUM_CONVERSION = YES;
				CLANG_WARN_INFINITE_RECURSION = YES;
				CLANG_WARN_INT_CONVERSION = YES;
				CLANG_WARN_NON_LITERAL_NULL_CONVERSION = YES;
				CLANG_WARN_OBJC_IMPLICIT_RETAIN_SELF = YES;
				CLANG_WARN_OBJC_LITERAL_CONVERSION = YES;
				CLANG_WARN_OBJC_ROOT_CLASS = YES_ERROR;
				CLANG_WARN_QUOTED_INCLUDE_IN_FRAMEWORK_HEADER = YES;
				CLANG_WARN_RANGE_LOOP_ANALYSIS = YES;
				CLANG_WARN_STRICT_PROTOTYPES = YES;
				CLANG_WARN_SUSPICIOUS_MOVE = YES;
				CLANG_WARN_UNGUARDED_AVAILABILITY = YES_AGGRESSIVE;
				CLANG_WARN_UNREACHABLE_CODE = YES;
				CLANG_WARN__DUPLICATE_METHOD_MATCH = YES;
				COPY_PHASE_STRIP = NO;
				DEBUG_INFORMATION_FORMAT = dwarf;
				ENABLE_STRICT_OBJC_MSGSEND = YES;
				ENABLE_TESTABILITY = YES;
				GCC_C_LANGUAGE_STANDARD = gnu11;
				GCC_DYNAMIC_NO_PIC = NO;
				GCC_NO_COMMON_BLOCKS = YES;
				GCC_OPTIMIZATION_LEVEL = 0;
				GCC_PREPROCESSOR_DEFINITIONS = (
					"DEBUG=1",
					"$(inherited)",
				);
				GCC_WARN_64_TO_32_BIT_CONVERSION = YES;
				GCC_WARN_ABOUT_RETURN_TYPE = YES_ERROR;
				GCC_WARN_UNDECLARED_SELECTOR = YES;
				GCC_WARN_UNINITIALIZED_AUTOS = YES_AGGRESSIVE;
				GCC_WARN_UNUSED_FUNCTION = YES;
				GCC_WARN_UNUSED_VARIABLE = YES;
				MACOSX_DEPLOYMENT_TARGET = 12.3;
				MTL_ENABLE_DEBUG_INFO = INCLUDE_SOURCE;
				MTL_FAST_MATH = YES;
				ONLY_ACTIVE_ARCH = YES;
				SDKROOT = macosx;
				SWIFT_ACTIVE_COMPILATION_CONDITIONS = DEBUG;
				SWIFT_OPTIMIZATION_LEVEL = "-Onone";
			};
			name = Debug;
		};
		E646734628F1D8D500C071CA /* Release */ = {
			isa = XCBuildConfiguration;
			buildSettings = {
				ALWAYS_SEARCH_USER_PATHS = NO;
				CLANG_ANALYZER_NONNULL = YES;
				CLANG_ANALYZER_NUMBER_OBJECT_CONVERSION = YES_AGGRESSIVE;
				CLANG_CXX_LANGUAGE_STANDARD = "gnu++20";
				CLANG_ENABLE_MODULES = YES;
				CLANG_ENABLE_OBJC_ARC = YES;
				CLANG_ENABLE_OBJC_WEAK = YES;
				CLANG_WARN_BLOCK_CAPTURE_AUTORELEASING = YES;
				CLANG_WARN_BOOL_CONVERSION = YES;
				CLANG_WARN_COMMA = YES;
				CLANG_WARN_CONSTANT_CONVERSION = YES;
				CLANG_WARN_DEPRECATED_OBJC_IMPLEMENTATIONS = YES;
				CLANG_WARN_DIRECT_OBJC_ISA_USAGE = YES_ERROR;
				CLANG_WARN_DOCUMENTATION_COMMENTS = YES;
				CLANG_WARN_EMPTY_BODY = YES;
				CLANG_WARN_ENUM_CONVERSION = YES;
				CLANG_WARN_INFINITE_RECURSION = YES;
				CLANG_WARN_INT_CONVERSION = YES;
				CLANG_WARN_NON_LITERAL_NULL_CONVERSION = YES;
				CLANG_WARN_OBJC_IMPLICIT_RETAIN_SELF = YES;
				CLANG_WARN_OBJC_LITERAL_CONVERSION = YES;
				CLANG_WARN_OBJC_ROOT_CLASS = YES_ERROR;
				CLANG_WARN_QUOTED_INCLUDE_IN_FRAMEWORK_HEADER = YES;
				CLANG_WARN_RANGE_LOOP_ANALYSIS = YES;
				CLANG_WARN_STRICT_PROTOTYPES = YES;
				CLANG_WARN_SUSPICIOUS_MOVE = YES;
				CLANG_WARN_UNGUARDED_AVAILABILITY = YES_AGGRESSIVE;
				CLANG_WARN_UNREACHABLE_CODE = YES;
				CLANG_WARN__DUPLICATE_METHOD_MATCH = YES;
				COPY_PHASE_STRIP = NO;
				DEBUG_INFORMATION_FORMAT = "dwarf-with-dsym";
				ENABLE_NS_ASSERTIONS = NO;
				ENABLE_STRICT_OBJC_MSGSEND = YES;
				GCC_C_LANGUAGE_STANDARD = gnu11;
				GCC_NO_COMMON_BLOCKS = YES;
				GCC_WARN_64_TO_32_BIT_CONVERSION = YES;
				GCC_WARN_ABOUT_RETURN_TYPE = YES_ERROR;
				GCC_WARN_UNDECLARED_SELECTOR = YES;
				GCC_WARN_UNINITIALIZED_AUTOS = YES_AGGRESSIVE;
				GCC_WARN_UNUSED_FUNCTION = YES;
				GCC_WARN_UNUSED_VARIABLE = YES;
				MACOSX_DEPLOYMENT_TARGET = 12.3;
				MTL_ENABLE_DEBUG_INFO = NO;
				MTL_FAST_MATH = YES;
				SDKROOT = macosx;
				SWIFT_COMPILATION_MODE = wholemodule;
				SWIFT_OPTIMIZATION_LEVEL = "-O";
			};
			name = Release;
		};
		E646734828F1D8D500C071CA /* Debug */ = {
			isa = XCBuildConfiguration;
			buildSettings = {
				ASSETCATALOG_COMPILER_APPICON_NAME = AppIcon;
				ASSETCATALOG_COMPILER_GLOBAL_ACCENT_COLOR_NAME = AccentColor;
				CODE_SIGN_ENTITLEMENTS = Nitroless/Nitroless.entitlements;
				CODE_SIGN_STYLE = Automatic;
				COMBINE_HIDPI_IMAGES = YES;
				CURRENT_PROJECT_VERSION = 1;
				DEVELOPMENT_TEAM = CH3MQP3PYG;
				ENABLE_HARDENED_RUNTIME = YES;
				GENERATE_INFOPLIST_FILE = YES;
				INFOPLIST_FILE = Nitroless/Info.plist;
				INFOPLIST_KEY_LSUIElement = YES;
				INFOPLIST_KEY_NSHumanReadableCopyright = "";
				INFOPLIST_KEY_NSMainStoryboardFile = Main;
				INFOPLIST_KEY_NSPrincipalClass = NSApplication;
				LD_RUNPATH_SEARCH_PATHS = (
					"$(inherited)",
					"@executable_path/../Frameworks",
				);
				MACOSX_DEPLOYMENT_TARGET = 11.0;
				MARKETING_VERSION = 1.0;
				PRODUCT_BUNDLE_IDENTIFIER = com.kcddesigns.Nitroless;
				PRODUCT_NAME = "$(TARGET_NAME)";
				SWIFT_EMIT_LOC_STRINGS = YES;
				SWIFT_VERSION = 5.0;
			};
			name = Debug;
		};
		E646734928F1D8D500C071CA /* Release */ = {
			isa = XCBuildConfiguration;
			buildSettings = {
				ASSETCATALOG_COMPILER_APPICON_NAME = AppIcon;
				ASSETCATALOG_COMPILER_GLOBAL_ACCENT_COLOR_NAME = AccentColor;
				CODE_SIGN_ENTITLEMENTS = Nitroless/Nitroless.entitlements;
				CODE_SIGN_STYLE = Automatic;
				COMBINE_HIDPI_IMAGES = YES;
				CURRENT_PROJECT_VERSION = 1;
				DEVELOPMENT_TEAM = CH3MQP3PYG;
				ENABLE_HARDENED_RUNTIME = YES;
				GENERATE_INFOPLIST_FILE = YES;
				INFOPLIST_FILE = Nitroless/Info.plist;
				INFOPLIST_KEY_LSUIElement = YES;
				INFOPLIST_KEY_NSHumanReadableCopyright = "";
				INFOPLIST_KEY_NSMainStoryboardFile = Main;
				INFOPLIST_KEY_NSPrincipalClass = NSApplication;
				LD_RUNPATH_SEARCH_PATHS = (
					"$(inherited)",
					"@executable_path/../Frameworks",
				);
				MACOSX_DEPLOYMENT_TARGET = 11.0;
				MARKETING_VERSION = 1.0;
				PRODUCT_BUNDLE_IDENTIFIER = com.kcddesigns.Nitroless;
				PRODUCT_NAME = "$(TARGET_NAME)";
				SWIFT_EMIT_LOC_STRINGS = YES;
				SWIFT_VERSION = 5.0;
			};
			name = Release;
		};
/* End XCBuildConfiguration section */

/* Begin XCConfigurationList section */
		E646733328F1D8D400C071CA /* Build configuration list for PBXProject "Nitroless" */ = {
			isa = XCConfigurationList;
			buildConfigurations = (
				E646734528F1D8D500C071CA /* Debug */,
				E646734628F1D8D500C071CA /* Release */,
			);
			defaultConfigurationIsVisible = 0;
			defaultConfigurationName = Release;
		};
		E646734728F1D8D500C071CA /* Build configuration list for PBXNativeTarget "Nitroless" */ = {
			isa = XCConfigurationList;
			buildConfigurations = (
				E646734828F1D8D500C071CA /* Debug */,
				E646734928F1D8D500C071CA /* Release */,
			);
			defaultConfigurationIsVisible = 0;
			defaultConfigurationName = Release;
		};
/* End XCConfigurationList section */

/* Begin XCRemoteSwiftPackageReference section */
		E66D666828F32518007D8655 /* XCRemoteSwiftPackageReference "SimpleToast" */ = {
			isa = XCRemoteSwiftPackageReference;
			repositoryURL = "https://github.com/sanzaru/SimpleToast.git";
			requirement = {
				kind = upToNextMajorVersion;
				minimumVersion = 0.6.2;
			};
		};
		E6B5547128F1F57B00AB5642 /* XCRemoteSwiftPackageReference "SwiftUI-Introspect" */ = {
			isa = XCRemoteSwiftPackageReference;
			repositoryURL = "https://github.com/siteline/SwiftUI-Introspect.git";
			requirement = {
				kind = upToNextMajorVersion;
				minimumVersion = 0.1.4;
			};
		};
		E6B5549728F3063400AB5642 /* XCRemoteSwiftPackageReference "SDWebImageSwiftUI" */ = {
			isa = XCRemoteSwiftPackageReference;
			repositoryURL = "https://github.com/SDWebImage/SDWebImageSwiftUI.git";
			requirement = {
				kind = upToNextMajorVersion;
				minimumVersion = 2.0.0;
			};
		};
/* End XCRemoteSwiftPackageReference section */

/* Begin XCSwiftPackageProductDependency section */
		E66D666928F32518007D8655 /* SimpleToast */ = {
			isa = XCSwiftPackageProductDependency;
			package = E66D666828F32518007D8655 /* XCRemoteSwiftPackageReference "SimpleToast" */;
			productName = SimpleToast;
		};
		E6B5547228F1F57B00AB5642 /* Introspect */ = {
			isa = XCSwiftPackageProductDependency;
			package = E6B5547128F1F57B00AB5642 /* XCRemoteSwiftPackageReference "SwiftUI-Introspect" */;
			productName = Introspect;
		};
		E6B5549828F3063400AB5642 /* SDWebImageSwiftUI */ = {
			isa = XCSwiftPackageProductDependency;
			package = E6B5549728F3063400AB5642 /* XCRemoteSwiftPackageReference "SDWebImageSwiftUI" */;
			productName = SDWebImageSwiftUI;
		};
/* End XCSwiftPackageProductDependency section */
	};
	rootObject = E646733028F1D8D400C071CA /* Project object */;
}
